
Microsoft Visual Studio Solution File, Format Version 12.00
# Visual Studio Version 17
VisualStudioVersion = 17.1.32414.318
MinimumVisualStudioVersion = 10.0.40219.1
Project("{2150E333-8FDC-42A3-9474-1A3956D46DE8}") = "Metadata", "Metadata", "{5251406F-66C5-434D-9E3A-01B70A912B97}"
	ProjectSection(SolutionItems) = preProject
		..\LICENSE = ..\LICENSE
		..\publish.sh = ..\publish.sh
		..\README.md = ..\README.md
	EndProjectSection
EndProject
Project("{9A19103F-16F7-4668-BE54-9A1E7A4F7556}") = "ElBastard0.Tetris", "app\ElBastard0.Tetris.csproj", "{D2BEDD26-199E-4538-B7D3-24538730E2BF}"
EndProject
Global
	GlobalSection(SolutionConfigurationPlatforms) = preSolution
		Debug|Any CPU = Debug|Any CPU
		Release|Any CPU = Release|Any CPU
	EndGlobalSection
	GlobalSection(ProjectConfigurationPlatforms) = postSolution
		{D2BEDD26-199E-4538-B7D3-24538730E2BF}.Debug|Any CPU.ActiveCfg = Debug|Any CPU
		{D2BEDD26-199E-4538-B7D3-24538730E2BF}.Debug|Any CPU.Build.0 = Debug|Any CPU
		{D2BEDD26-199E-4538-B7D3-24538730E2BF}.Release|Any CPU.ActiveCfg = Release|Any CPU
		{D2BEDD26-199E-4538-B7D3-24538730E2BF}.Release|Any CPU.Build.0 = Release|Any CPU
	EndGlobalSection
	GlobalSection(SolutionProperties) = preSolution
		HideSolutionNode = FALSE
	EndGlobalSection
	GlobalSection(ExtensibilityGlobals) = postSolution
		SolutionGuid = {38129C87-E3EC-4B06-BF8C-410355947C46}
	EndGlobalSection
EndGlobal
